Microsoft Visual Studio Solution File, Format Version 12.00
# Visual Studio 2012
Project("{FAE04EC0-301F-11D3-BF4B-00C04F79EFBC}") = "Git Hub", "Git Hub.csproj", "{F4BE8D3A-B058-4198-B5C1-D8F6C3B2ABE4}"
EndProject
Global
	GlobalSection(SolutionConfigurationPlatforms) = preSolution
	Debug|Any CPU = Debug|Any CPU
	ExportDebug|Any CPU = ExportDebug|Any CPU
	ExportRelease|Any CPU = ExportRelease|Any CPU
	EndGlobalSection
	GlobalSection(ProjectConfigurationPlatforms) = postSolution
		{F4BE8D3A-B058-4198-B5C1-D8F6C3B2ABE4}.Debug|Any CPU.ActiveCfg = Debug|Any CPU
		{F4BE8D3A-B058-4198-B5C1-D8F6C3B2ABE4}.Debug|Any CPU.Build.0 = Debug|Any CPU
		{F4BE8D3A-B058-4198-B5C1-D8F6C3B2ABE4}.ExportDebug|Any CPU.ActiveCfg = ExportDebug|Any CPU
		{F4BE8D3A-B058-4198-B5C1-D8F6C3B2ABE4}.ExportDebug|Any CPU.Build.0 = ExportDebug|Any CPU
		{F4BE8D3A-B058-4198-B5C1-D8F6C3B2ABE4}.ExportRelease|Any CPU.ActiveCfg = ExportRelease|Any CPU
		{F4BE8D3A-B058-4198-B5C1-D8F6C3B2ABE4}.ExportRelease|Any CPU.Build.0 = ExportRelease|Any CPU
	EndGlobalSection
EndGlobal
